
Microsoft Visual Studio Solution File, Format Version 12.00
# Visual Studio Version 17
VisualStudioVersion = 17.11.35222.181
MinimumVisualStudioVersion = 10.0.40219.1
Project("{FAE04EC0-301F-11D3-BF4B-00C04F79EFBC}") = "QuietChat", "QuietChat\QuietChat.csproj", "{3245C062-650E-439C-9EB2-DE0B0BEA4337}"
EndProject
Global
	GlobalSection(SolutionConfigurationPlatforms) = preSolution
		Debug|Any CPU = Debug|Any CPU
		Release|Any CPU = Release|Any CPU
	EndGlobalSection
	GlobalSection(ProjectConfigurationPlatforms) = postSolution
		{3245C062-650E-439C-9EB2-DE0B0BEA4337}.Debug|Any CPU.ActiveCfg = Debug|Any CPU
		{3245C062-650E-439C-9EB2-DE0B0BEA4337}.Debug|Any CPU.Build.0 = Debug|Any CPU
		{3245C062-650E-439C-9EB2-DE0B0BEA4337}.Release|Any CPU.ActiveCfg = Release|Any CPU
		{3245C062-650E-439C-9EB2-DE0B0BEA4337}.Release|Any CPU.Build.0 = Release|Any CPU
	EndGlobalSection
	GlobalSection(SolutionProperties) = preSolution
		HideSolutionNode = FALSE
	EndGlobalSection
	GlobalSection(ExtensibilityGlobals) = postSolution
		SolutionGuid = {59ABBC74-E1DE-4417-9BAA-8DB5C8D72033}
	EndGlobalSection
EndGlobal
